# THIS IS AN AUTOGENERATED FILE. DO NOT EDIT THIS FILE DIRECTLY.
# yarn lockfile v1


kfs-ui@^0.2.5:
  version "0.2.5"
  resolved "https://registry.yarnpkg.com/kfs-ui/-/kfs-ui-0.2.5.tgz#e3324549f8882d549d9303db464edcd860589e3c"
  integrity sha512-qHB6lBFH2cd2+sVbg/vLzyURmVjLE3FZUPu03qldDGeJV6LroXxa2FFKZ2j2NzZLOJqJ6YBSzH9XECTtulu5Nw==
